// !$*UTF8*$!
{
	archiveVersion = 1;
	classes = {
	};
	objectVersion = 46;
	objects = {

/* Begin PBXBuildFile section */
		AA94E7671686559800C7C968 /* logo.png in Resources */ = {isa = PBXBuildFile; fileRef = AA94E7661686559800C7C968 /* logo.png */; };
		AA94E76B1686615000C7C968 /* video-100x75.png in Resources */ = {isa = PBXBuildFile; fileRef = AA94E7691686615000C7C968 /* video-100x75.png */; };
		AA94E76C1686615000C7C968 /* video-200x150.png in Resources */ = {isa = PBXBuildFile; fileRef = AA94E76A1686615000C7C968 /* video-200x150.png */; };
		AA9CA8C216853FE500B2F220 /* AboutViewController.m in Sources */ = {isa = PBXBuildFile; fileRef = AA9CA8C116853FE500B2F220 /* AboutViewController.m */; };
		AA9CA8C51685401C00B2F220 /* AboutViewController_iPad.xib in Resources */ = {isa = PBXBuildFile; fileRef = AA9CA8C41685401C00B2F220 /* AboutViewController_iPad.xib */; };
		AA9CA8C71685403300B2F220 /* AboutViewController_iPhone.xib in Resources */ = {isa = PBXBuildFile; fileRef = AA9CA8C61685403300B2F220 /* AboutViewController_iPhone.xib */; };
		AAC23781168624A100B84050 /* podcast.png in Resources */ = {isa = PBXBuildFile; fileRef = AAC23780168624A100B84050 /* podcast.png */; };
		AAC7E6D21685390B00F44CCB /* NewsViewController_iPhone.xib in Resources */ = {isa = PBXBuildFile; fileRef = AAC7E6D11685390B00F44CCB /* NewsViewController_iPhone.xib */; };
		AAC7E6D51685394700F44CCB /* NewsViewController_iPad.xib in Resources */ = {isa = PBXBuildFile; fileRef = AAC7E6D41685394700F44CCB /* NewsViewController_iPad.xib */; };
		AAC7E6D81685397300F44CCB /* NewsViewController.m in Sources */ = {isa = PBXBuildFile; fileRef = AAC7E6D71685397300F44CCB /* NewsViewController.m */; };
		AACDEBD6168472AA0016B2EA /* UIKit.framework in Frameworks */ = {isa = PBXBuildFile; fileRef = AACDEBD5168472AA0016B2EA /* UIKit.framework */; };
		AACDEBD8168472AA0016B2EA /* Foundation.framework in Frameworks */ = {isa = PBXBuildFile; fileRef = AACDEBD7168472AA0016B2EA /* Foundation.framework */; };
		AACDEBDA168472AA0016B2EA /* CoreGraphics.framework in Frameworks */ = {isa = PBXBuildFile; fileRef = AACDEBD9168472AA0016B2EA /* CoreGraphics.framework */; };
		AACDEBE0168472AA0016B2EA /* InfoPlist.strings in Resources */ = {isa = PBXBuildFile; fileRef = AACDEBDE168472AA0016B2EA /* InfoPlist.strings */; };
		AACDEBE2168472AA0016B2EA /* main.m in Sources */ = {isa = PBXBuildFile; fileRef = AACDEBE1168472AA0016B2EA /* main.m */; };
		AACDEBE6168472AA0016B2EA /* AppDelegate.m in Sources */ = {isa = PBXBuildFile; fileRef = AACDEBE5168472AA0016B2EA /* AppDelegate.m */; };
		AACDEBE8168472AA0016B2EA /* Default.png in Resources */ = {isa = PBXBuildFile; fileRef = AACDEBE7168472AA0016B2EA /* Default.png */; };
		AACDEBEA168472AA0016B2EA /* Default@2x.png in Resources */ = {isa = PBXBuildFile; fileRef = AACDEBE9168472AA0016B2EA /* Default@2x.png */; };
		AACDEBEC168472AA0016B2EA /* Default-568h@2x.png in Resources */ = {isa = PBXBuildFile; fileRef = AACDEBEB168472AA0016B2EA /* Default-568h@2x.png */; };
		AACDEBEF168472AA0016B2EA /* PhotoViewController.m in Sources */ = {isa = PBXBuildFile; fileRef = AACDEBEE168472AA0016B2EA /* PhotoViewController.m */; };
		AACDEBF6168472AA0016B2EA /* PodcastViewController.m in Sources */ = {isa = PBXBuildFile; fileRef = AACDEBF5168472AA0016B2EA /* PodcastViewController.m */; };
		AACDEBFD168472AA0016B2EA /* PhotoViewController_iPhone.xib in Resources */ = {isa = PBXBuildFile; fileRef = AACDEBFB168472AA0016B2EA /* PhotoViewController_iPhone.xib */; };
		AACDEC00168472AB0016B2EA /* PhotoViewController_iPad.xib in Resources */ = {isa = PBXBuildFile; fileRef = AACDEBFE168472AB0016B2EA /* PhotoViewController_iPad.xib */; };
		AACDEC03168472AB0016B2EA /* PodcastViewController_iPhone.xib in Resources */ = {isa = PBXBuildFile; fileRef = AACDEC01168472AB0016B2EA /* PodcastViewController_iPhone.xib */; };
		AACDEC06168472AB0016B2EA /* PodcastViewController_iPad.xib in Resources */ = {isa = PBXBuildFile; fileRef = AACDEC04168472AB0016B2EA /* PodcastViewController_iPad.xib */; };
		AACDEC121684733F0016B2EA /* 08-chat.png in Resources */ = {isa = PBXBuildFile; fileRef = AACDEC0D1684733F0016B2EA /* 08-chat.png */; };
		AACDEC131684733F0016B2EA /* 31-ipod.png in Resources */ = {isa = PBXBuildFile; fileRef = AACDEC0E1684733F0016B2EA /* 31-ipod.png */; };
		AACDEC141684733F0016B2EA /* 70-tv.png in Resources */ = {isa = PBXBuildFile; fileRef = AACDEC0F1684733F0016B2EA /* 70-tv.png */; };
		AACDEC151684733F0016B2EA /* 86-camera.png in Resources */ = {isa = PBXBuildFile; fileRef = AACDEC101684733F0016B2EA /* 86-camera.png */; };
		AACDEC161684733F0016B2EA /* 112-group.png in Resources */ = {isa = PBXBuildFile; fileRef = AACDEC111684733F0016B2EA /* 112-group.png */; };
		AACDEC2C168474540016B2EA /* AFHTTPClient.m in Sources */ = {isa = PBXBuildFile; fileRef = AACDEC1A168474540016B2EA /* AFHTTPClient.m */; };
		AACDEC2D168474540016B2EA /* AFHTTPRequestOperation.m in Sources */ = {isa = PBXBuildFile; fileRef = AACDEC1C168474540016B2EA /* AFHTTPRequestOperation.m */; };
		AACDEC2E168474540016B2EA /* AFImageRequestOperation.m in Sources */ = {isa = PBXBuildFile; fileRef = AACDEC1E168474540016B2EA /* AFImageRequestOperation.m */; };
		AACDEC2F168474540016B2EA /* AFJSONRequestOperation.m in Sources */ = {isa = PBXBuildFile; fileRef = AACDEC20168474540016B2EA /* AFJSONRequestOperation.m */; };
		AACDEC30168474540016B2EA /* AFNetworkActivityIndicatorManager.m in Sources */ = {isa = PBXBuildFile; fileRef = AACDEC22168474540016B2EA /* AFNetworkActivityIndicatorManager.m */; };
		AACDEC31168474540016B2EA /* AFPropertyListRequestOperation.m in Sources */ = {isa = PBXBuildFile; fileRef = AACDEC25168474540016B2EA /* AFPropertyListRequestOperation.m */; };
		AACDEC32168474540016B2EA /* AFURLConnectionOperation.m in Sources */ = {isa = PBXBuildFile; fileRef = AACDEC27168474540016B2EA /* AFURLConnectionOperation.m */; };
		AACDEC33168474540016B2EA /* AFXMLRequestOperation.m in Sources */ = {isa = PBXBuildFile; fileRef = AACDEC29168474540016B2EA /* AFXMLRequestOperation.m */; };
		AACDEC34168474540016B2EA /* UIImageView+AFNetworking.m in Sources */ = {isa = PBXBuildFile; fileRef = AACDEC2B168474540016B2EA /* UIImageView+AFNetworking.m */; };
		AACDEC43168475880016B2EA /* VideoViewController.m in Sources */ = {isa = PBXBuildFile; fileRef = AACDEC42168475880016B2EA /* VideoViewController.m */; };
		AACDEC45168475A30016B2EA /* VideoViewController_iPad.xib in Resources */ = {isa = PBXBuildFile; fileRef = AACDEC44168475A30016B2EA /* VideoViewController_iPad.xib */; };
		AACDEC47168475B80016B2EA /* VideoViewController_iPhone.xib in Resources */ = {isa = PBXBuildFile; fileRef = AACDEC46168475B80016B2EA /* VideoViewController_iPhone.xib */; };
/* End PBXBuildFile section */

/* Begin PBXFileReference section */
		AA94E7661686559800C7C968 /* logo.png */ = {isa = PBXFileReference; lastKnownFileType = image.png; path = logo.png; sourceTree = "<group>"; };
		AA94E7691686615000C7C968 /* video-100x75.png */ = {isa = PBXFileReference; lastKnownFileType = image.png; path = "video-100x75.png"; sourceTree = "<group>"; };
		AA94E76A1686615000C7C968 /* video-200x150.png */ = {isa = PBXFileReference; lastKnownFileType = image.png; path = "video-200x150.png"; sourceTree = "<group>"; };
		AA9CA8C016853FE500B2F220 /* AboutViewController.h */ = {isa = PBXFileReference; fileEncoding = 4; lastKnownFileType = sourcecode.c.h; path = AboutViewController.h; sourceTree = "<group>"; };
		AA9CA8C116853FE500B2F220 /* AboutViewController.m */ = {isa = PBXFileReference; fileEncoding = 4; lastKnownFileType = sourcecode.c.objc; path = AboutViewController.m; sourceTree = "<group>"; };
		AA9CA8C41685401C00B2F220 /* AboutViewController_iPad.xib */ = {isa = PBXFileReference; fileEncoding = 4; lastKnownFileType = file.xib; path = AboutViewController_iPad.xib; sourceTree = "<group>"; };
		AA9CA8C61685403300B2F220 /* AboutViewController_iPhone.xib */ = {isa = PBXFileReference; fileEncoding = 4; lastKnownFileType = file.xib; path = AboutViewController_iPhone.xib; sourceTree = "<group>"; };
		AAC23780168624A100B84050 /* podcast.png */ = {isa = PBXFileReference; lastKnownFileType = image.png; path = podcast.png; sourceTree = "<group>"; };
		AAC7E6D11685390B00F44CCB /* NewsViewController_iPhone.xib */ = {isa = PBXFileReference; fileEncoding = 4; lastKnownFileType = file.xib; path = NewsViewController_iPhone.xib; sourceTree = "<group>"; };
		AAC7E6D41685394700F44CCB /* NewsViewController_iPad.xib */ = {isa = PBXFileReference; fileEncoding = 4; lastKnownFileType = file.xib; path = NewsViewController_iPad.xib; sourceTree = "<group>"; };
		AAC7E6D61685397300F44CCB /* NewsViewController.h */ = {isa = PBXFileReference; fileEncoding = 4; lastKnownFileType = sourcecode.c.h; path = NewsViewController.h; sourceTree = "<group>"; };
		AAC7E6D71685397300F44CCB /* NewsViewController.m */ = {isa = PBXFileReference; fileEncoding = 4; lastKnownFileType = sourcecode.c.objc; path = NewsViewController.m; sourceTree = "<group>"; };
		AACDEBD1168472AA0016B2EA /* South Ridge App iOS.app */ = {isa = PBXFileReference; explicitFileType = wrapper.application; includeInIndex = 0; path = "South Ridge App iOS.app"; sourceTree = BUILT_PRODUCTS_DIR; };
		AACDEBD5168472AA0016B2EA /* UIKit.framework */ = {isa = PBXFileReference; lastKnownFileType = wrapper.framework; name = UIKit.framework; path = System/Library/Frameworks/UIKit.framework; sourceTree = SDKROOT; };
		AACDEBD7168472AA0016B2EA /* Foundation.framework */ = {isa = PBXFileReference; lastKnownFileType = wrapper.framework; name = Foundation.framework; path = System/Library/Frameworks/Foundation.framework; sourceTree = SDKROOT; };
		AACDEBD9168472AA0016B2EA /* CoreGraphics.framework */ = {isa = PBXFileReference; lastKnownFileType = wrapper.framework; name = CoreGraphics.framework; path = System/Library/Frameworks/CoreGraphics.framework; sourceTree = SDKROOT; };
		AACDEBDD168472AA0016B2EA /* South Ridge App iOS-Info.plist */ = {isa = PBXFileReference; lastKnownFileType = text.plist.xml; path = "South Ridge App iOS-Info.plist"; sourceTree = "<group>"; };
		AACDEBDF168472AA0016B2EA /* en */ = {isa = PBXFileReference; lastKnownFileType = text.plist.strings; name = en; path = en.lproj/InfoPlist.strings; sourceTree = "<group>"; };
		AACDEBE1168472AA0016B2EA /* main.m */ = {isa = PBXFileReference; lastKnownFileType = sourcecode.c.objc; path = main.m; sourceTree = "<group>"; };
		AACDEBE3168472AA0016B2EA /* South Ridge App iOS-Prefix.pch */ = {isa = PBXFileReference; lastKnownFileType = sourcecode.c.h; path = "South Ridge App iOS-Prefix.pch"; sourceTree = "<group>"; };
		AACDEBE4168472AA0016B2EA /* AppDelegate.h */ = {isa = PBXFileReference; lastKnownFileType = sourcecode.c.h; path = AppDelegate.h; sourceTree = "<group>"; };
		AACDEBE5168472AA0016B2EA /* AppDelegate.m */ = {isa = PBXFileReference; lastKnownFileType = sourcecode.c.objc; path = AppDelegate.m; sourceTree = "<group>"; };
		AACDEBE7168472AA0016B2EA /* Default.png */ = {isa = PBXFileReference; lastKnownFileType = image.png; path = Default.png; sourceTree = "<group>"; };
		AACDEBE9168472AA0016B2EA /* Default@2x.png */ = {isa = PBXFileReference; lastKnownFileType = image.png; path = "Default@2x.png"; sourceTree = "<group>"; };
		AACDEBEB168472AA0016B2EA /* Default-568h@2x.png */ = {isa = PBXFileReference; lastKnownFileType = image.png; path = "Default-568h@2x.png"; sourceTree = "<group>"; };
		AACDEBED168472AA0016B2EA /* PhotoViewController.h */ = {isa = PBXFileReference; lastKnownFileType = sourcecode.c.h; path = PhotoViewController.h; sourceTree = "<group>"; };
		AACDEBEE168472AA0016B2EA /* PhotoViewController.m */ = {isa = PBXFileReference; lastKnownFileType = sourcecode.c.objc; path = PhotoViewController.m; sourceTree = "<group>"; };
		AACDEBF4168472AA0016B2EA /* PodcastViewController.h */ = {isa = PBXFileReference; lastKnownFileType = sourcecode.c.h; path = PodcastViewController.h; sourceTree = "<group>"; };
		AACDEBF5168472AA0016B2EA /* PodcastViewController.m */ = {isa = PBXFileReference; lastKnownFileType = sourcecode.c.objc; path = PodcastViewController.m; sourceTree = "<group>"; };
		AACDEBFC168472AA0016B2EA /* en */ = {isa = PBXFileReference; lastKnownFileType = file.xib; name = en; path = en.lproj/PhotoViewController_iPhone.xib; sourceTree = "<group>"; };
		AACDEBFF168472AB0016B2EA /* en */ = {isa = PBXFileReference; lastKnownFileType = file.xib; name = en; path = en.lproj/PhotoViewController_iPad.xib; sourceTree = "<group>"; };
		AACDEC02168472AB0016B2EA /* en */ = {isa = PBXFileReference; lastKnownFileType = file.xib; name = en; path = en.lproj/PodcastViewController_iPhone.xib; sourceTree = "<group>"; };
		AACDEC05168472AB0016B2EA /* en */ = {isa = PBXFileReference; lastKnownFileType = file.xib; name = en; path = en.lproj/PodcastViewController_iPad.xib; sourceTree = "<group>"; };
		AACDEC0D1684733F0016B2EA /* 08-chat.png */ = {isa = PBXFileReference; lastKnownFileType = image.png; path = "08-chat.png"; sourceTree = "<group>"; };
		AACDEC0E1684733F0016B2EA /* 31-ipod.png */ = {isa = PBXFileReference; lastKnownFileType = image.png; path = "31-ipod.png"; sourceTree = "<group>"; };
		AACDEC0F1684733F0016B2EA /* 70-tv.png */ = {isa = PBXFileReference; lastKnownFileType = image.png; path = "70-tv.png"; sourceTree = "<group>"; };
		AACDEC101684733F0016B2EA /* 86-camera.png */ = {isa = PBXFileReference; lastKnownFileType = image.png; path = "86-camera.png"; sourceTree = "<group>"; };
		AACDEC111684733F0016B2EA /* 112-group.png */ = {isa = PBXFileReference; lastKnownFileType = image.png; path = "112-group.png"; sourceTree = "<group>"; };
		AACDEC19168474540016B2EA /* AFHTTPClient.h */ = {isa = PBXFileReference; fileEncoding = 4; lastKnownFileType = sourcecode.c.h; path = AFHTTPClient.h; sourceTree = "<group>"; };
		AACDEC1A168474540016B2EA /* AFHTTPClient.m */ = {isa = PBXFileReference; fileEncoding = 4; lastKnownFileType = sourcecode.c.objc; path = AFHTTPClient.m; sourceTree = "<group>"; };
		AACDEC1B168474540016B2EA /* AFHTTPRequestOperation.h */ = {isa = PBXFileReference; fileEncoding = 4; lastKnownFileType = sourcecode.c.h; path = AFHTTPRequestOperation.h; sourceTree = "<group>"; };
		AACDEC1C168474540016B2EA /* AFHTTPRequestOperation.m */ = {isa = PBXFileReference; fileEncoding = 4; lastKnownFileType = sourcecode.c.objc; path = AFHTTPRequestOperation.m; sourceTree = "<group>"; };
		AACDEC1D168474540016B2EA /* AFImageRequestOperation.h */ = {isa = PBXFileReference; fileEncoding = 4; lastKnownFileType = sourcecode.c.h; path = AFImageRequestOperation.h; sourceTree = "<group>"; };
		AACDEC1E168474540016B2EA /* AFImageRequestOperation.m */ = {isa = PBXFileReference; fileEncoding = 4; lastKnownFileType = sourcecode.c.objc; path = AFImageRequestOperation.m; sourceTree = "<group>"; };
		AACDEC1F168474540016B2EA /* AFJSONRequestOperation.h */ = {isa = PBXFileReference; fileEncoding = 4; lastKnownFileType = sourcecode.c.h; path = AFJSONRequestOperation.h; sourceTree = "<group>"; };
		AACDEC20168474540016B2EA /* AFJSONRequestOperation.m */ = {isa = PBXFileReference; fileEncoding = 4; lastKnownFileType = sourcecode.c.objc; path = AFJSONRequestOperation.m; sourceTree = "<group>"; };
		AACDEC21168474540016B2EA /* AFNetworkActivityIndicatorManager.h */ = {isa = PBXFileReference; fileEncoding = 4; lastKnownFileType = sourcecode.c.h; path = AFNetworkActivityIndicatorManager.h; sourceTree = "<group>"; };
		AACDEC22168474540016B2EA /* AFNetworkActivityIndicatorManager.m */ = {isa = PBXFileReference; fileEncoding = 4; lastKnownFileType = sourcecode.c.objc; path = AFNetworkActivityIndicatorManager.m; sourceTree = "<group>"; };
		AACDEC23168474540016B2EA /* AFNetworking.h */ = {isa = PBXFileReference; fileEncoding = 4; lastKnownFileType = sourcecode.c.h; path = AFNetworking.h; sourceTree = "<group>"; };
		AACDEC24168474540016B2EA /* AFPropertyListRequestOperation.h */ = {isa = PBXFileReference; fileEncoding = 4; lastKnownFileType = sourcecode.c.h; path = AFPropertyListRequestOperation.h; sourceTree = "<group>"; };
		AACDEC25168474540016B2EA /* AFPropertyListRequestOperation.m */ = {isa = PBXFileReference; fileEncoding = 4; lastKnownFileType = sourcecode.c.objc; path = AFPropertyListRequestOperation.m; sourceTree = "<group>"; };
		AACDEC26168474540016B2EA /* AFURLConnectionOperation.h */ = {isa = PBXFileReference; fileEncoding = 4; lastKnownFileType = sourcecode.c.h; path = AFURLConnectionOperation.h; sourceTree = "<group>"; };
		AACDEC27168474540016B2EA /* AFURLConnectionOperation.m */ = {isa = PBXFileReference; fileEncoding = 4; lastKnownFileType = sourcecode.c.objc; path = AFURLConnectionOperation.m; sourceTree = "<group>"; };
		AACDEC28168474540016B2EA /* AFXMLRequestOperation.h */ = {isa = PBXFileReference; fileEncoding = 4; lastKnownFileType = sourcecode.c.h; path = AFXMLRequestOperation.h; sourceTree = "<group>"; };
		AACDEC29168474540016B2EA /* AFXMLRequestOperation.m */ = {isa = PBXFileReference; fileEncoding = 4; lastKnownFileType = sourcecode.c.objc; path = AFXMLRequestOperation.m; sourceTree = "<group>"; };
		AACDEC2A168474540016B2EA /* UIImageView+AFNetworking.h */ = {isa = PBXFileReference; fileEncoding = 4; lastKnownFileType = sourcecode.c.h; path = "UIImageView+AFNetworking.h"; sourceTree = "<group>"; };
		AACDEC2B168474540016B2EA /* UIImageView+AFNetworking.m */ = {isa = PBXFileReference; fileEncoding = 4; lastKnownFileType = sourcecode.c.objc; path = "UIImageView+AFNetworking.m"; sourceTree = "<group>"; };
		AACDEC41168475880016B2EA /* VideoViewController.h */ = {isa = PBXFileReference; fileEncoding = 4; lastKnownFileType = sourcecode.c.h; path = VideoViewController.h; sourceTree = "<group>"; };
		AACDEC42168475880016B2EA /* VideoViewController.m */ = {isa = PBXFileReference; fileEncoding = 4; lastKnownFileType = sourcecode.c.objc; path = VideoViewController.m; sourceTree = "<group>"; };
		AACDEC44168475A30016B2EA /* VideoViewController_iPad.xib */ = {isa = PBXFileReference; fileEncoding = 4; lastKnownFileType = file.xib; path = VideoViewController_iPad.xib; sourceTree = "<group>"; };
		AACDEC46168475B80016B2EA /* VideoViewController_iPhone.xib */ = {isa = PBXFileReference; fileEncoding = 4; lastKnownFileType = file.xib; path = VideoViewController_iPhone.xib; sourceTree = "<group>"; };
/* End PBXFileReference section */

/* Begin PBXFrameworksBuildPhase section */
		AACDEBCE168472AA0016B2EA /* Frameworks */ = {
			isa = PBXFrameworksBuildPhase;
			buildActionMask = 2147483647;
			files = (
				AACDEBD6168472AA0016B2EA /* UIKit.framework in Frameworks */,
				AACDEBD8168472AA0016B2EA /* Foundation.framework in Frameworks */,
				AACDEBDA168472AA0016B2EA /* CoreGraphics.framework in Frameworks */,
			);
			runOnlyForDeploymentPostprocessing = 0;
		};
/* End PBXFrameworksBuildPhase section */

/* Begin PBXGroup section */
		AAC2377E1686246500B84050 /* Images */ = {
			isa = PBXGroup;
			children = (
				AA94E7691686615000C7C968 /* video-100x75.png */,
				AA94E76A1686615000C7C968 /* video-200x150.png */,
				AA94E7661686559800C7C968 /* logo.png */,
				AAC23780168624A100B84050 /* podcast.png */,
			);
			path = Images;
			sourceTree = "<group>";
		};
		AACDEBC6168472AA0016B2EA = {
			isa = PBXGroup;
			children = (
				AACDEBDB168472AA0016B2EA /* South Ridge App iOS */,
				AACDEBD4168472AA0016B2EA /* Frameworks */,
				AACDEBD2168472AA0016B2EA /* Products */,
			);
			sourceTree = "<group>";
		};
		AACDEBD2168472AA0016B2EA /* Products */ = {
			isa = PBXGroup;
			children = (
				AACDEBD1168472AA0016B2EA /* South Ridge App iOS.app */,
			);
			name = Products;
			sourceTree = "<group>";
		};
		AACDEBD4168472AA0016B2EA /* Frameworks */ = {
			isa = PBXGroup;
			children = (
				AACDEBD5168472AA0016B2EA /* UIKit.framework */,
				AACDEBD7168472AA0016B2EA /* Foundation.framework */,
				AACDEBD9168472AA0016B2EA /* CoreGraphics.framework */,
			);
			name = Frameworks;
			sourceTree = "<group>";
		};
		AACDEBDB168472AA0016B2EA /* South Ridge App iOS */ = {
			isa = PBXGroup;
			children = (
				AAC2377E1686246500B84050 /* Images */,
				AACDEC171684743E0016B2EA /* Libraries */,
				AACDEC0C1684732D0016B2EA /* Icons */,
				AACDEBE4168472AA0016B2EA /* AppDelegate.h */,
				AACDEBE5168472AA0016B2EA /* AppDelegate.m */,
				AACDEBED168472AA0016B2EA /* PhotoViewController.h */,
				AACDEBEE168472AA0016B2EA /* PhotoViewController.m */,
				AACDEBF4168472AA0016B2EA /* PodcastViewController.h */,
				AACDEBF5168472AA0016B2EA /* PodcastViewController.m */,
				AACDEBFB168472AA0016B2EA /* PhotoViewController_iPhone.xib */,
				AACDEBFE168472AB0016B2EA /* PhotoViewController_iPad.xib */,
				AACDEC01168472AB0016B2EA /* PodcastViewController_iPhone.xib */,
				AACDEC04168472AB0016B2EA /* PodcastViewController_iPad.xib */,
				AACDEBDC168472AA0016B2EA /* Supporting Files */,
				AACDEC41168475880016B2EA /* VideoViewController.h */,
				AACDEC42168475880016B2EA /* VideoViewController.m */,
				AACDEC44168475A30016B2EA /* VideoViewController_iPad.xib */,
				AACDEC46168475B80016B2EA /* VideoViewController_iPhone.xib */,
				AAC7E6D11685390B00F44CCB /* NewsViewController_iPhone.xib */,
				AAC7E6D41685394700F44CCB /* NewsViewController_iPad.xib */,
				AAC7E6D61685397300F44CCB /* NewsViewController.h */,
				AAC7E6D71685397300F44CCB /* NewsViewController.m */,
				AA9CA8C016853FE500B2F220 /* AboutViewController.h */,
				AA9CA8C116853FE500B2F220 /* AboutViewController.m */,
				AA9CA8C41685401C00B2F220 /* AboutViewController_iPad.xib */,
				AA9CA8C61685403300B2F220 /* AboutViewController_iPhone.xib */,
			);
			path = "South Ridge App iOS";
			sourceTree = "<group>";
		};
		AACDEBDC168472AA0016B2EA /* Supporting Files */ = {
			isa = PBXGroup;
			children = (
				AACDEBDD168472AA0016B2EA /* South Ridge App iOS-Info.plist */,
				AACDEBDE168472AA0016B2EA /* InfoPlist.strings */,
				AACDEBE1168472AA0016B2EA /* main.m */,
				AACDEBE3168472AA0016B2EA /* South Ridge App iOS-Prefix.pch */,
				AACDEBE7168472AA0016B2EA /* Default.png */,
				AACDEBE9168472AA0016B2EA /* Default@2x.png */,
				AACDEBEB168472AA0016B2EA /* Default-568h@2x.png */,
			);
			name = "Supporting Files";
			sourceTree = "<group>";
		};
		AACDEC0C1684732D0016B2EA /* Icons */ = {
			isa = PBXGroup;
			children = (
				AACDEC0D1684733F0016B2EA /* 08-chat.png */,
				AACDEC0E1684733F0016B2EA /* 31-ipod.png */,
				AACDEC0F1684733F0016B2EA /* 70-tv.png */,
				AACDEC101684733F0016B2EA /* 86-camera.png */,
				AACDEC111684733F0016B2EA /* 112-group.png */,
			);
			path = Icons;
			sourceTree = "<group>";
		};
		AACDEC171684743E0016B2EA /* Libraries */ = {
			isa = PBXGroup;
			children = (
				AACDEC18168474540016B2EA /* AFNetworking */,
			);
			path = Libraries;
			sourceTree = "<group>";
		};
		AACDEC18168474540016B2EA /* AFNetworking */ = {
			isa = PBXGroup;
			children = (
				AACDEC19168474540016B2EA /* AFHTTPClient.h */,
				AACDEC1A168474540016B2EA /* AFHTTPClient.m */,
				AACDEC1B168474540016B2EA /* AFHTTPRequestOperation.h */,
				AACDEC1C168474540016B2EA /* AFHTTPRequestOperation.m */,
				AACDEC1D168474540016B2EA /* AFImageRequestOperation.h */,
				AACDEC1E168474540016B2EA /* AFImageRequestOperation.m */,
				AACDEC1F168474540016B2EA /* AFJSONRequestOperation.h */,
				AACDEC20168474540016B2EA /* AFJSONRequestOperation.m */,
				AACDEC21168474540016B2EA /* AFNetworkActivityIndicatorManager.h */,
				AACDEC22168474540016B2EA /* AFNetworkActivityIndicatorManager.m */,
				AACDEC23168474540016B2EA /* AFNetworking.h */,
				AACDEC24168474540016B2EA /* AFPropertyListRequestOperation.h */,
				AACDEC25168474540016B2EA /* AFPropertyListRequestOperation.m */,
				AACDEC26168474540016B2EA /* AFURLConnectionOperation.h */,
				AACDEC27168474540016B2EA /* AFURLConnectionOperation.m */,
				AACDEC28168474540016B2EA /* AFXMLRequestOperation.h */,
				AACDEC29168474540016B2EA /* AFXMLRequestOperation.m */,
				AACDEC2A168474540016B2EA /* UIImageView+AFNetworking.h */,
				AACDEC2B168474540016B2EA /* UIImageView+AFNetworking.m */,
			);
			path = AFNetworking;
			sourceTree = "<group>";
		};
/* End PBXGroup section */

/* Begin PBXNativeTarget section */
		AACDEBD0168472AA0016B2EA /* South Ridge App iOS */ = {
			isa = PBXNativeTarget;
			buildConfigurationList = AACDEC09168472AB0016B2EA /* Build configuration list for PBXNativeTarget "South Ridge App iOS" */;
			buildPhases = (
				AACDEBCD168472AA0016B2EA /* Sources */,
				AACDEBCE168472AA0016B2EA /* Frameworks */,
				AACDEBCF168472AA0016B2EA /* Resources */,
			);
			buildRules = (
			);
			dependencies = (
			);
			name = "South Ridge App iOS";
			productName = "South Ridge App iOS";
			productReference = AACDEBD1168472AA0016B2EA /* South Ridge App iOS.app */;
			productType = "com.apple.product-type.application";
		};
/* End PBXNativeTarget section */

/* Begin PBXProject section */
		AACDEBC8168472AA0016B2EA /* Project object */ = {
			isa = PBXProject;
			attributes = {
				LastUpgradeCheck = 0450;
				ORGANIZATIONNAME = "Kris Krause";
			};
			buildConfigurationList = AACDEBCB168472AA0016B2EA /* Build configuration list for PBXProject "South Ridge App iOS" */;
			compatibilityVersion = "Xcode 3.2";
			developmentRegion = English;
			hasScannedForEncodings = 0;
			knownRegions = (
				en,
			);
			mainGroup = AACDEBC6168472AA0016B2EA;
			productRefGroup = AACDEBD2168472AA0016B2EA /* Products */;
			projectDirPath = "";
			projectRoot = "";
			targets = (
				AACDEBD0168472AA0016B2EA /* South Ridge App iOS */,
			);
		};
/* End PBXProject section */

/* Begin PBXResourcesBuildPhase section */
		AACDEBCF168472AA0016B2EA /* Resources */ = {
			isa = PBXResourcesBuildPhase;
			buildActionMask = 2147483647;
			files = (
				AACDEBE0168472AA0016B2EA /* InfoPlist.strings in Resources */,
				AACDEBE8168472AA0016B2EA /* Default.png in Resources */,
				AACDEBEA168472AA0016B2EA /* Default@2x.png in Resources */,
				AACDEBEC168472AA0016B2EA /* Default-568h@2x.png in Resources */,
				AACDEBFD168472AA0016B2EA /* PhotoViewController_iPhone.xib in Resources */,
				AACDEC00168472AB0016B2EA /* PhotoViewController_iPad.xib in Resources */,
				AACDEC03168472AB0016B2EA /* PodcastViewController_iPhone.xib in Resources */,
				AACDEC06168472AB0016B2EA /* PodcastViewController_iPad.xib in Resources */,
				AACDEC121684733F0016B2EA /* 08-chat.png in Resources */,
				AACDEC131684733F0016B2EA /* 31-ipod.png in Resources */,
				AACDEC141684733F0016B2EA /* 70-tv.png in Resources */,
				AACDEC151684733F0016B2EA /* 86-camera.png in Resources */,
				AACDEC161684733F0016B2EA /* 112-group.png in Resources */,
				AACDEC45168475A30016B2EA /* VideoViewController_iPad.xib in Resources */,
				AACDEC47168475B80016B2EA /* VideoViewController_iPhone.xib in Resources */,
				AAC7E6D21685390B00F44CCB /* NewsViewController_iPhone.xib in Resources */,
				AAC7E6D51685394700F44CCB /* NewsViewController_iPad.xib in Resources */,
				AA9CA8C51685401C00B2F220 /* AboutViewController_iPad.xib in Resources */,
				AA9CA8C71685403300B2F220 /* AboutViewController_iPhone.xib in Resources */,
				AAC23781168624A100B84050 /* podcast.png in Resources */,
				AA94E7671686559800C7C968 /* logo.png in Resources */,
				AA94E76B1686615000C7C968 /* video-100x75.png in Resources */,
				AA94E76C1686615000C7C968 /* video-200x150.png in Resources */,
			);
			runOnlyForDeploymentPostprocessing = 0;
		};
/* End PBXResourcesBuildPhase section */

/* Begin PBXSourcesBuildPhase section */
		AACDEBCD168472AA0016B2EA /* Sources */ = {
			isa = PBXSourcesBuildPhase;
			buildActionMask = 2147483647;
			files = (
				AACDEBE2168472AA0016B2EA /* main.m in Sources */,
				AACDEBE6168472AA0016B2EA /* AppDelegate.m in Sources */,
				AACDEBEF168472AA0016B2EA /* PhotoViewController.m in Sources */,
				AACDEBF6168472AA0016B2EA /* PodcastViewController.m in Sources */,
				AACDEC2C168474540016B2EA /* AFHTTPClient.m in Sources */,
				AACDEC2D168474540016B2EA /* AFHTTPRequestOperation.m in Sources */,
				AACDEC2E168474540016B2EA /* AFImageRequestOperation.m in Sources */,
				AACDEC2F168474540016B2EA /* AFJSONRequestOperation.m in Sources */,
				AACDEC30168474540016B2EA /* AFNetworkActivityIndicatorManager.m in Sources */,
				AACDEC31168474540016B2EA /* AFPropertyListRequestOperation.m in Sources */,
				AACDEC32168474540016B2EA /* AFURLConnectionOperation.m in Sources */,
				AACDEC33168474540016B2EA /* AFXMLRequestOperation.m in Sources */,
				AACDEC34168474540016B2EA /* UIImageView+AFNetworking.m in Sources */,
				AACDEC43168475880016B2EA /* VideoViewController.m in Sources */,
				AAC7E6D81685397300F44CCB /* NewsViewController.m in Sources */,
				AA9CA8C216853FE500B2F220 /* AboutViewController.m in Sources */,
			);
			runOnlyForDeploymentPostprocessing = 0;
		};
/* End PBXSourcesBuildPhase section */

/* Begin PBXVariantGroup section */
		AACDEBDE168472AA0016B2EA /* InfoPlist.strings */ = {
			isa = PBXVariantGroup;
			children = (
				AACDEBDF168472AA0016B2EA /* en */,
			);
			name = InfoPlist.strings;
			sourceTree = "<group>";
		};
		AACDEBFB168472AA0016B2EA /* PhotoViewController_iPhone.xib */ = {
			isa = PBXVariantGroup;
			children = (
				AACDEBFC168472AA0016B2EA /* en */,
			);
			name = PhotoViewController_iPhone.xib;
			sourceTree = "<group>";
		};
		AACDEBFE168472AB0016B2EA /* PhotoViewController_iPad.xib */ = {
			isa = PBXVariantGroup;
			children = (
				AACDEBFF168472AB0016B2EA /* en */,
			);
			name = PhotoViewController_iPad.xib;
			sourceTree = "<group>";
		};
		AACDEC01168472AB0016B2EA /* PodcastViewController_iPhone.xib */ = {
			isa = PBXVariantGroup;
			children = (
				AACDEC02168472AB0016B2EA /* en */,
			);
			name = PodcastViewController_iPhone.xib;
			sourceTree = "<group>";
		};
		AACDEC04168472AB0016B2EA /* PodcastViewController_iPad.xib */ = {
			isa = PBXVariantGroup;
			children = (
				AACDEC05168472AB0016B2EA /* en */,
			);
			name = PodcastViewController_iPad.xib;
			sourceTree = "<group>";
		};
/* End PBXVariantGroup section */

/* Begin XCBuildConfiguration section */
		AACDEC07168472AB0016B2EA /* Debug */ = {
			isa = XCBuildConfiguration;
			buildSettings = {
				ALWAYS_SEARCH_USER_PATHS = NO;
				CLANG_CXX_LANGUAGE_STANDARD = "gnu++0x";
				CLANG_CXX_LIBRARY = "libc++";
				CLANG_ENABLE_OBJC_ARC = YES;
				CLANG_WARN_EMPTY_BODY = YES;
				CLANG_WARN__DUPLICATE_METHOD_MATCH = YES;
				"CODE_SIGN_IDENTITY[sdk=iphoneos*]" = "iPhone Developer";
				COPY_PHASE_STRIP = NO;
				GCC_C_LANGUAGE_STANDARD = gnu99;
				GCC_DYNAMIC_NO_PIC = NO;
				GCC_OPTIMIZATION_LEVEL = 0;
				GCC_PREPROCESSOR_DEFINITIONS = (
					"DEBUG=1",
					"$(inherited)",
				);
				GCC_SYMBOLS_PRIVATE_EXTERN = NO;
				GCC_WARN_ABOUT_RETURN_TYPE = YES;
				GCC_WARN_UNINITIALIZED_AUTOS = YES;
				GCC_WARN_UNUSED_VARIABLE = YES;
				IPHONEOS_DEPLOYMENT_TARGET = 6.0;
				ONLY_ACTIVE_ARCH = YES;
				SDKROOT = iphoneos;
				TARGETED_DEVICE_FAMILY = "1,2";
			};
			name = Debug;
		};
		AACDEC08168472AB0016B2EA /* Release */ = {
			isa = XCBuildConfiguration;
			buildSettings = {
				ALWAYS_SEARCH_USER_PATHS = NO;
				CLANG_CXX_LANGUAGE_STANDARD = "gnu++0x";
				CLANG_CXX_LIBRARY = "libc++";
				CLANG_ENABLE_OBJC_ARC = YES;
				CLANG_WARN_EMPTY_BODY = YES;
				CLANG_WARN__DUPLICATE_METHOD_MATCH = YES;
				"CODE_SIGN_IDENTITY[sdk=iphoneos*]" = "iPhone Developer";
				COPY_PHASE_STRIP = YES;
				GCC_C_LANGUAGE_STANDARD = gnu99;
				GCC_WARN_ABOUT_RETURN_TYPE = YES;
				GCC_WARN_UNINITIALIZED_AUTOS = YES;
				GCC_WARN_UNUSED_VARIABLE = YES;
				IPHONEOS_DEPLOYMENT_TARGET = 6.0;
				OTHER_CFLAGS = "-DNS_BLOCK_ASSERTIONS=1";
				SDKROOT = iphoneos;
				TARGETED_DEVICE_FAMILY = "1,2";
				VALIDATE_PRODUCT = YES;
			};
			name = Release;
		};
		AACDEC0A168472AB0016B2EA /* Debug */ = {
			isa = XCBuildConfiguration;
			buildSettings = {
				GCC_PRECOMPILE_PREFIX_HEADER = YES;
				GCC_PREFIX_HEADER = "South Ridge App iOS/South Ridge App iOS-Prefix.pch";
				INFOPLIST_FILE = "South Ridge App iOS/South Ridge App iOS-Info.plist";
				PRODUCT_NAME = "$(TARGET_NAME)";
				WRAPPER_EXTENSION = app;
			};
			name = Debug;
		};
		AACDEC0B168472AB0016B2EA /* Release */ = {
			isa = XCBuildConfiguration;
			buildSettings = {
				GCC_PRECOMPILE_PREFIX_HEADER = YES;
				GCC_PREFIX_HEADER = "South Ridge App iOS/South Ridge App iOS-Prefix.pch";
				INFOPLIST_FILE = "South Ridge App iOS/South Ridge App iOS-Info.plist";
				PRODUCT_NAME = "$(TARGET_NAME)";
				WRAPPER_EXTENSION = app;
			};
			name = Release;
		};
/* End XCBuildConfiguration section */

/* Begin XCConfigurationList section */
		AACDEBCB168472AA0016B2EA /* Build configuration list for PBXProject "South Ridge App iOS" */ = {
			isa = XCConfigurationList;
			buildConfigurations = (
				AACDEC07168472AB0016B2EA /* Debug */,
				AACDEC08168472AB0016B2EA /* Release */,
			);
			defaultConfigurationIsVisible = 0;
			defaultConfigurationName = Release;
		};
		AACDEC09168472AB0016B2EA /* Build configuration list for PBXNativeTarget "South Ridge App iOS" */ = {
			isa = XCConfigurationList;
			buildConfigurations = (
				AACDEC0A168472AB0016B2EA /* Debug */,
				AACDEC0B168472AB0016B2EA /* Release */,
			);
			defaultConfigurationIsVisible = 0;
			defaultConfigurationName = Release;
		};
/* End XCConfigurationList section */
	};
	rootObject = AACDEBC8168472AA0016B2EA /* Project object */;
}
